// !$*UTF8*$!
{
	archiveVersion = 1;
	classes = {
	};
	objectVersion = 77;
	objects = {

/* Begin PBXBuildFile section */
		0C3C3491247BF43FA5A2F4FD /* TodayMeetingsView.swift in Sources */ = {isa = PBXBuildFile; fileRef = 48E7DB18478DFC49E1AF8905 /* TodayMeetingsView.swift */; };
		0E022DFA4CEF13200AF15596 /* CalendarService.swift in Sources */ = {isa = PBXBuildFile; fileRef = E7C5C9B3A91463F1FE8D2C7E /* CalendarService.swift */; };
		1C0E7335BD1E64F665EB4C1B /* MeetingProvider.swift in Sources */ = {isa = PBXBuildFile; fileRef = 9C980BBEF457D0D865398EB2 /* MeetingProvider.swift */; };
		4ED5239BF8A394A66BD1B05A /* MeetingEvent.swift in Sources */ = {isa = PBXBuildFile; fileRef = 9A1E58BE3E2CB33DACA45E27 /* MeetingEvent.swift */; };
		6D225F25B8B9031E97C6AA6A /* AlertOverlayView.swift in Sources */ = {isa = PBXBuildFile; fileRef = C81A2672224881A1E0670451 /* AlertOverlayView.swift */; };
		813A5A98097E69CF7292D3AC /* MeetingReminderApp.swift in Sources */ = {isa = PBXBuildFile; fileRef = 76AF22A3216A7921BE6D9112 /* MeetingReminderApp.swift */; };
		8CB6125E7FC0FC4AC1581DE9 /* MeetingLinkExtractorTests.swift in Sources */ = {isa = PBXBuildFile; fileRef = B2925A26A56AB7AFA2A4FC33 /* MeetingLinkExtractorTests.swift */; };
		9C5D948EB3B5FA7EE067841C /* OverlayPanel.swift in Sources */ = {isa = PBXBuildFile; fileRef = 97BB8BECDFC482366A222006 /* OverlayPanel.swift */; };
		B22631FA43C46774AF030149 /* CalendarServiceTests.swift in Sources */ = {isa = PBXBuildFile; fileRef = 8E25D0DDFA6A8550C9ED41AC /* CalendarServiceTests.swift */; };
		C18461E6E329400F453FFC7F /* SettingsView.swift in Sources */ = {isa = PBXBuildFile; fileRef = B8370320AAC085ACB6CD7918 /* SettingsView.swift */; };
		C5277CEE898C06A06613B0A7 /* OverlayController.swift in Sources */ = {isa = PBXBuildFile; fileRef = DDCF1F38E524116C3A58EA80 /* OverlayController.swift */; };
		CF5CE7DF5C0ACE602AAD5320 /* MeetingLinkExtractor.swift in Sources */ = {isa = PBXBuildFile; fileRef = E04548909CE563C58616AFFD /* MeetingLinkExtractor.swift */; };
		D20D6A3A16086798BFF425E6 /* MeetingReminderTests.swift in Sources */ = {isa = PBXBuildFile; fileRef = 9665CAA217FD324C6ABAA2BB /* MeetingReminderTests.swift */; };
		F0ED9EC86528175126324A38 /* MeetingEventTests.swift in Sources */ = {isa = PBXBuildFile; fileRef = 93147E8A995A8BD44525BF3A /* MeetingEventTests.swift */; };
/* End PBXBuildFile section */

/* Begin PBXContainerItemProxy section */
		2FFD84C6577699021025DAD7 /* PBXContainerItemProxy */ = {
			isa = PBXContainerItemProxy;
			containerPortal = 9877A508AF96BF1EB7B88E2D /* Project object */;
			proxyType = 1;
			remoteGlobalIDString = 608C91BCBB08BDF058592C69;
			remoteInfo = "Meeting Reminder";
		};
/* End PBXContainerItemProxy section */

/* Begin PBXFileReference section */
		48E7DB18478DFC49E1AF8905 /* TodayMeetingsView.swift */ = {isa = PBXFileReference; lastKnownFileType = sourcecode.swift; path = TodayMeetingsView.swift; sourceTree = "<group>"; };
		4C22ED66BAE066E03E8CA64E /* Meeting ReminderTests.xctest */ = {isa = PBXFileReference; explicitFileType = wrapper.cfbundle; includeInIndex = 0; path = "Meeting ReminderTests.xctest"; sourceTree = BUILT_PRODUCTS_DIR; };
		76AF22A3216A7921BE6D9112 /* MeetingReminderApp.swift */ = {isa = PBXFileReference; lastKnownFileType = sourcecode.swift; path = MeetingReminderApp.swift; sourceTree = "<group>"; };
		79C39DF8ADE69A198C42ABAF /* Meeting Reminder.app */ = {isa = PBXFileReference; explicitFileType = wrapper.application; includeInIndex = 0; path = "Meeting Reminder.app"; sourceTree = BUILT_PRODUCTS_DIR; };
		8E25D0DDFA6A8550C9ED41AC /* CalendarServiceTests.swift */ = {isa = PBXFileReference; lastKnownFileType = sourcecode.swift; path = CalendarServiceTests.swift; sourceTree = "<group>"; };
		93147E8A995A8BD44525BF3A /* MeetingEventTests.swift */ = {isa = PBXFileReference; lastKnownFileType = sourcecode.swift; path = MeetingEventTests.swift; sourceTree = "<group>"; };
		9665CAA217FD324C6ABAA2BB /* MeetingReminderTests.swift */ = {isa = PBXFileReference; lastKnownFileType = sourcecode.swift; path = MeetingReminderTests.swift; sourceTree = "<group>"; };
		97BB8BECDFC482366A222006 /* OverlayPanel.swift */ = {isa = PBXFileReference; lastKnownFileType = sourcecode.swift; path = OverlayPanel.swift; sourceTree = "<group>"; };
		9A1E58BE3E2CB33DACA45E27 /* MeetingEvent.swift */ = {isa = PBXFileReference; lastKnownFileType = sourcecode.swift; path = MeetingEvent.swift; sourceTree = "<group>"; };
		9C980BBEF457D0D865398EB2 /* MeetingProvider.swift */ = {isa = PBXFileReference; lastKnownFileType = sourcecode.swift; path = MeetingProvider.swift; sourceTree = "<group>"; };
		B2925A26A56AB7AFA2A4FC33 /* MeetingLinkExtractorTests.swift */ = {isa = PBXFileReference; lastKnownFileType = sourcecode.swift; path = MeetingLinkExtractorTests.swift; sourceTree = "<group>"; };
		B8370320AAC085ACB6CD7918 /* SettingsView.swift */ = {isa = PBXFileReference; lastKnownFileType = sourcecode.swift; path = SettingsView.swift; sourceTree = "<group>"; };
		C81A2672224881A1E0670451 /* AlertOverlayView.swift */ = {isa = PBXFileReference; lastKnownFileType = sourcecode.swift; path = AlertOverlayView.swift; sourceTree = "<group>"; };
		DDCF1F38E524116C3A58EA80 /* OverlayController.swift */ = {isa = PBXFileReference; lastKnownFileType = sourcecode.swift; path = OverlayController.swift; sourceTree = "<group>"; };
		E04548909CE563C58616AFFD /* MeetingLinkExtractor.swift */ = {isa = PBXFileReference; lastKnownFileType = sourcecode.swift; path = MeetingLinkExtractor.swift; sourceTree = "<group>"; };
		E7C5C9B3A91463F1FE8D2C7E /* CalendarService.swift */ = {isa = PBXFileReference; lastKnownFileType = sourcecode.swift; path = CalendarService.swift; sourceTree = "<group>"; };
/* End PBXFileReference section */

/* Begin PBXGroup section */
		13C82E3AF1E81BAD7A876F0C /* Services */ = {
			isa = PBXGroup;
			children = (
				E7C5C9B3A91463F1FE8D2C7E /* CalendarService.swift */,
				E04548909CE563C58616AFFD /* MeetingLinkExtractor.swift */,
			);
			path = Services;
			sourceTree = "<group>";
		};
		3016902851B2D65105C2BB7E /* Meeting ReminderTests */ = {
			isa = PBXGroup;
			children = (
				8E25D0DDFA6A8550C9ED41AC /* CalendarServiceTests.swift */,
				93147E8A995A8BD44525BF3A /* MeetingEventTests.swift */,
				B2925A26A56AB7AFA2A4FC33 /* MeetingLinkExtractorTests.swift */,
				9665CAA217FD324C6ABAA2BB /* MeetingReminderTests.swift */,
			);
			path = "Meeting ReminderTests";
			sourceTree = "<group>";
		};
		3ACBB715081EDB0FB8E16679 /* Products */ = {
			isa = PBXGroup;
			children = (
				79C39DF8ADE69A198C42ABAF /* Meeting Reminder.app */,
				4C22ED66BAE066E03E8CA64E /* Meeting ReminderTests.xctest */,
			);
			name = Products;
			sourceTree = "<group>";
		};
		8A8D1763676EE21D52B9D725 /* Meeting Reminder */ = {
			isa = PBXGroup;
			children = (
				76AF22A3216A7921BE6D9112 /* MeetingReminderApp.swift */,
				B19A00969921339139230A9A /* Models */,
				13C82E3AF1E81BAD7A876F0C /* Services */,
				FBA703C68C85E67F334E9A32 /* Views */,
			);
			path = "Meeting Reminder";
			sourceTree = "<group>";
		};
		8BEC5F9A0694ED4192FC75F0 = {
			isa = PBXGroup;
			children = (
				8A8D1763676EE21D52B9D725 /* Meeting Reminder */,
				3016902851B2D65105C2BB7E /* Meeting ReminderTests */,
				3ACBB715081EDB0FB8E16679 /* Products */,
			);
			sourceTree = "<group>";
		};
		B19A00969921339139230A9A /* Models */ = {
			isa = PBXGroup;
			children = (
				9A1E58BE3E2CB33DACA45E27 /* MeetingEvent.swift */,
				9C980BBEF457D0D865398EB2 /* MeetingProvider.swift */,
			);
			path = Models;
			sourceTree = "<group>";
		};
		FBA703C68C85E67F334E9A32 /* Views */ = {
			isa = PBXGroup;
			children = (
				C81A2672224881A1E0670451 /* AlertOverlayView.swift */,
				DDCF1F38E524116C3A58EA80 /* OverlayController.swift */,
				97BB8BECDFC482366A222006 /* OverlayPanel.swift */,
				B8370320AAC085ACB6CD7918 /* SettingsView.swift */,
				48E7DB18478DFC49E1AF8905 /* TodayMeetingsView.swift */,
			);
			path = Views;
			sourceTree = "<group>";
		};
/* End PBXGroup section */

/* Begin PBXNativeTarget section */
		608C91BCBB08BDF058592C69 /* Meeting Reminder */ = {
			isa = PBXNativeTarget;
			buildConfigurationList = 006346DEBA492D831555759E /* Build configuration list for PBXNativeTarget "Meeting Reminder" */;
			buildPhases = (
				9A25B9B980A84AECAD1175CE /* Sources */,
			);
			buildRules = (
			);
			dependencies = (
			);
			name = "Meeting Reminder";
			packageProductDependencies = (
			);
			productName = "Meeting Reminder";
			productReference = 79C39DF8ADE69A198C42ABAF /* Meeting Reminder.app */;
			productType = "com.apple.product-type.application";
		};
		6A3A79153BB23E55C83F460E /* Meeting ReminderTests */ = {
			isa = PBXNativeTarget;
			buildConfigurationList = 5D8FF182CD62CE63EA9B1C4B /* Build configuration list for PBXNativeTarget "Meeting ReminderTests" */;
			buildPhases = (
				B94DCA4F37CF9F8F6DC5AE6D /* Sources */,
			);
			buildRules = (
			);
			dependencies = (
				CEFB1A89C584139F51649DF8 /* PBXTargetDependency */,
			);
			name = "Meeting ReminderTests";
			packageProductDependencies = (
			);
			productName = "Meeting ReminderTests";
			productReference = 4C22ED66BAE066E03E8CA64E /* Meeting ReminderTests.xctest */;
			productType = "com.apple.product-type.bundle.unit-test";
		};
/* End PBXNativeTarget section */

/* Begin PBXProject section */
		9877A508AF96BF1EB7B88E2D /* Project object */ = {
			isa = PBXProject;
			attributes = {
				BuildIndependentTargetsInParallel = YES;
				LastUpgradeCheck = 1430;
			};
			buildConfigurationList = 6D7CB00EEF7F0FF5B94D7B05 /* Build configuration list for PBXProject "Meeting Reminder" */;
			compatibilityVersion = "Xcode 14.0";
			developmentRegion = en;
			hasScannedForEncodings = 0;
			knownRegions = (
				Base,
				en,
			);
			mainGroup = 8BEC5F9A0694ED4192FC75F0;
			minimizedProjectReferenceProxies = 1;
			preferredProjectObjectVersion = 77;
			projectDirPath = "";
			projectRoot = "";
			targets = (
				608C91BCBB08BDF058592C69 /* Meeting Reminder */,
				6A3A79153BB23E55C83F460E /* Meeting ReminderTests */,
			);
		};
/* End PBXProject section */

/* Begin PBXSourcesBuildPhase section */
		9A25B9B980A84AECAD1175CE /* Sources */ = {
			isa = PBXSourcesBuildPhase;
			buildActionMask = 2147483647;
			files = (
				6D225F25B8B9031E97C6AA6A /* AlertOverlayView.swift in Sources */,
				0E022DFA4CEF13200AF15596 /* CalendarService.swift in Sources */,
				4ED5239BF8A394A66BD1B05A /* MeetingEvent.swift in Sources */,
				CF5CE7DF5C0ACE602AAD5320 /* MeetingLinkExtractor.swift in Sources */,
				1C0E7335BD1E64F665EB4C1B /* MeetingProvider.swift in Sources */,
				813A5A98097E69CF7292D3AC /* MeetingReminderApp.swift in Sources */,
				C5277CEE898C06A06613B0A7 /* OverlayController.swift in Sources */,
				9C5D948EB3B5FA7EE067841C /* OverlayPanel.swift in Sources */,
				C18461E6E329400F453FFC7F /* SettingsView.swift in Sources */,
				0C3C3491247BF43FA5A2F4FD /* TodayMeetingsView.swift in Sources */,
			);
			runOnlyForDeploymentPostprocessing = 0;
		};
		B94DCA4F37CF9F8F6DC5AE6D /* Sources */ = {
			isa = PBXSourcesBuildPhase;
			buildActionMask = 2147483647;
			files = (
				B22631FA43C46774AF030149 /* CalendarServiceTests.swift in Sources */,
				F0ED9EC86528175126324A38 /* MeetingEventTests.swift in Sources */,
				8CB6125E7FC0FC4AC1581DE9 /* MeetingLinkExtractorTests.swift in Sources */,
				D20D6A3A16086798BFF425E6 /* MeetingReminderTests.swift in Sources */,
			);
			runOnlyForDeploymentPostprocessing = 0;
		};
/* End PBXSourcesBuildPhase section */

/* Begin PBXTargetDependency section */
		CEFB1A89C584139F51649DF8 /* PBXTargetDependency */ = {
			isa = PBXTargetDependency;
			target = 608C91BCBB08BDF058592C69 /* Meeting Reminder */;
			targetProxy = 2FFD84C6577699021025DAD7 /* PBXContainerItemProxy */;
		};
/* End PBXTargetDependency section */

/* Begin XCBuildConfiguration section */
		10CD75485D9805FBF8B544C8 /* Debug */ = {
			isa = XCBuildConfiguration;
			buildSettings = {
				ASSETCATALOG_COMPILER_APPICON_NAME = AppIcon;
				CODE_SIGN_ENTITLEMENTS = "Meeting Reminder/Meeting_Reminder.entitlements";
				COMBINE_HIDPI_IMAGES = YES;
				INFOPLIST_FILE = "Meeting Reminder/Info.plist";
				LD_RUNPATH_SEARCH_PATHS = (
					"$(inherited)",
					"@executable_path/../Frameworks",
				);
				MACOSX_DEPLOYMENT_TARGET = 26.0;
				SDKROOT = macosx;
			};
			name = Debug;
		};
		5001E626A23DC848821A676E /* Release */ = {
			isa = XCBuildConfiguration;
			buildSettings = {
				ASSETCATALOG_COMPILER_APPICON_NAME = AppIcon;
				CODE_SIGN_ENTITLEMENTS = "Meeting Reminder/Meeting_Reminder.entitlements";
				COMBINE_HIDPI_IMAGES = YES;
				INFOPLIST_FILE = "Meeting Reminder/Info.plist";
				LD_RUNPATH_SEARCH_PATHS = (
					"$(inherited)",
					"@executable_path/../Frameworks",
				);
				MACOSX_DEPLOYMENT_TARGET = 26.0;
				SDKROOT = macosx;
			};
			name = Release;
		};
		65307BD1839ED782C388CB84 /* Release */ = {
			isa = XCBuildConfiguration;
			buildSettings = {
				BUNDLE_LOADER = "$(TEST_HOST)";
				COMBINE_HIDPI_IMAGES = YES;
				GENERATE_INFOPLIST_FILE = YES;
				LD_RUNPATH_SEARCH_PATHS = (
					"$(inherited)",
					"@executable_path/../Frameworks",
					"@loader_path/../Frameworks",
				);
				MACOSX_DEPLOYMENT_TARGET = 26.0;
				SDKROOT = macosx;
				TEST_HOST = "$(BUILT_PRODUCTS_DIR)/Meeting Reminder.app/Contents/MacOS/Meeting Reminder";
			};
			name = Release;
		};
		90D9D187099FA0A7014B29B6 /* Debug */ = {
			isa = XCBuildConfiguration;
			buildSettings = {
				ALWAYS_SEARCH_USER_PATHS = NO;
				CLANG_ANALYZER_NONNULL = YES;
				CLANG_ANALYZER_NUMBER_OBJECT_CONVERSION = YES_AGGRESSIVE;
				CLANG_CXX_LANGUAGE_STANDARD = "gnu++14";
				CLANG_CXX_LIBRARY = "libc++";
				CLANG_ENABLE_MODULES = YES;
				CLANG_ENABLE_OBJC_ARC = YES;
				CLANG_ENABLE_OBJC_WEAK = YES;
				CLANG_WARN_BLOCK_CAPTURE_AUTORELEASING = YES;
				CLANG_WARN_BOOL_CONVERSION = YES;
				CLANG_WARN_COMMA = YES;
				CLANG_WARN_CONSTANT_CONVERSION = YES;
				CLANG_WARN_DEPRECATED_OBJC_IMPLEMENTATIONS = YES;
				CLANG_WARN_DIRECT_OBJC_ISA_USAGE = YES_ERROR;
				CLANG_WARN_DOCUMENTATION_COMMENTS = YES;
				CLANG_WARN_EMPTY_BODY = YES;
				CLANG_WARN_ENUM_CONVERSION = YES;
				CLANG_WARN_INFINITE_RECURSION = YES;
				CLANG_WARN_INT_CONVERSION = YES;
				CLANG_WARN_NON_LITERAL_NULL_CONVERSION = YES;
				CLANG_WARN_OBJC_IMPLICIT_RETAIN_SELF = YES;
				CLANG_WARN_OBJC_LITERAL_CONVERSION = YES;
				CLANG_WARN_OBJC_ROOT_CLASS = YES_ERROR;
				CLANG_WARN_QUOTED_INCLUDE_IN_FRAMEWORK_HEADER = YES;
				CLANG_WARN_RANGE_LOOP_ANALYSIS = YES;
				CLANG_WARN_STRICT_PROTOTYPES = YES;
				CLANG_WARN_SUSPICIOUS_MOVE = YES;
				CLANG_WARN_UNGUARDED_AVAILABILITY = YES_AGGRESSIVE;
				CLANG_WARN_UNREACHABLE_CODE = YES;
				CLANG_WARN__DUPLICATE_METHOD_MATCH = YES;
				COPY_PHASE_STRIP = NO;
				CURRENT_PROJECT_VERSION = 1;
				DEBUG_INFORMATION_FORMAT = dwarf;
				ENABLE_STRICT_OBJC_MSGSEND = YES;
				ENABLE_TESTABILITY = YES;
				GCC_C_LANGUAGE_STANDARD = gnu11;
				GCC_DYNAMIC_NO_PIC = NO;
				GCC_NO_COMMON_BLOCKS = YES;
				GCC_OPTIMIZATION_LEVEL = 0;
				GCC_PREPROCESSOR_DEFINITIONS = (
					"$(inherited)",
					"DEBUG=1",
				);
				GCC_WARN_64_TO_32_BIT_CONVERSION = YES;
				GCC_WARN_ABOUT_RETURN_TYPE = YES_ERROR;
				GCC_WARN_UNDECLARED_SELECTOR = YES;
				GCC_WARN_UNINITIALIZED_AUTOS = YES_AGGRESSIVE;
				GCC_WARN_UNUSED_FUNCTION = YES;
				GCC_WARN_UNUSED_VARIABLE = YES;
				MARKETING_VERSION = 1.0.0;
				MTL_ENABLE_DEBUG_INFO = INCLUDE_SOURCE;
				MTL_FAST_MATH = YES;
				ONLY_ACTIVE_ARCH = YES;
				PRODUCT_NAME = "$(TARGET_NAME)";
				SDKROOT = macosx;
				SWIFT_ACTIVE_COMPILATION_CONDITIONS = DEBUG;
				SWIFT_OPTIMIZATION_LEVEL = "-Onone";
				SWIFT_VERSION = 5.0;
			};
			name = Debug;
		};
		91ECF32DDAD4AF6FD237930C /* Debug */ = {
			isa = XCBuildConfiguration;
			buildSettings = {
				BUNDLE_LOADER = "$(TEST_HOST)";
				COMBINE_HIDPI_IMAGES = YES;
				GENERATE_INFOPLIST_FILE = YES;
				LD_RUNPATH_SEARCH_PATHS = (
					"$(inherited)",
					"@executable_path/../Frameworks",
					"@loader_path/../Frameworks",
				);
				MACOSX_DEPLOYMENT_TARGET = 26.0;
				SDKROOT = macosx;
				TEST_HOST = "$(BUILT_PRODUCTS_DIR)/Meeting Reminder.app/Contents/MacOS/Meeting Reminder";
			};
			name = Debug;
		};
		E159814C789133BE26890034 /* Release */ = {
			isa = XCBuildConfiguration;
			buildSettings = {
				ALWAYS_SEARCH_USER_PATHS = NO;
				CLANG_ANALYZER_NONNULL = YES;
				CLANG_ANALYZER_NUMBER_OBJECT_CONVERSION = YES_AGGRESSIVE;
				CLANG_CXX_LANGUAGE_STANDARD = "gnu++14";
				CLANG_CXX_LIBRARY = "libc++";
				CLANG_ENABLE_MODULES = YES;
				CLANG_ENABLE_OBJC_ARC = YES;
				CLANG_ENABLE_OBJC_WEAK = YES;
				CLANG_WARN_BLOCK_CAPTURE_AUTORELEASING = YES;
				CLANG_WARN_BOOL_CONVERSION = YES;
				CLANG_WARN_COMMA = YES;
				CLANG_WARN_CONSTANT_CONVERSION = YES;
				CLANG_WARN_DEPRECATED_OBJC_IMPLEMENTATIONS = YES;
				CLANG_WARN_DIRECT_OBJC_ISA_USAGE = YES_ERROR;
				CLANG_WARN_DOCUMENTATION_COMMENTS = YES;
				CLANG_WARN_EMPTY_BODY = YES;
				CLANG_WARN_ENUM_CONVERSION = YES;
				CLANG_WARN_INFINITE_RECURSION = YES;
				CLANG_WARN_INT_CONVERSION = YES;
				CLANG_WARN_NON_LITERAL_NULL_CONVERSION = YES;
				CLANG_WARN_OBJC_IMPLICIT_RETAIN_SELF = YES;
				CLANG_WARN_OBJC_LITERAL_CONVERSION = YES;
				CLANG_WARN_OBJC_ROOT_CLASS = YES_ERROR;
				CLANG_WARN_QUOTED_INCLUDE_IN_FRAMEWORK_HEADER = YES;
				CLANG_WARN_RANGE_LOOP_ANALYSIS = YES;
				CLANG_WARN_STRICT_PROTOTYPES = YES;
				CLANG_WARN_SUSPICIOUS_MOVE = YES;
				CLANG_WARN_UNGUARDED_AVAILABILITY = YES_AGGRESSIVE;
				CLANG_WARN_UNREACHABLE_CODE = YES;
				CLANG_WARN__DUPLICATE_METHOD_MATCH = YES;
				COPY_PHASE_STRIP = NO;
				CURRENT_PROJECT_VERSION = 1;
				DEBUG_INFORMATION_FORMAT = "dwarf-with-dsym";
				ENABLE_NS_ASSERTIONS = NO;
				ENABLE_STRICT_OBJC_MSGSEND = YES;
				GCC_C_LANGUAGE_STANDARD = gnu11;
				GCC_NO_COMMON_BLOCKS = YES;
				GCC_WARN_64_TO_32_BIT_CONVERSION = YES;
				GCC_WARN_ABOUT_RETURN_TYPE = YES_ERROR;
				GCC_WARN_UNDECLARED_SELECTOR = YES;
				GCC_WARN_UNINITIALIZED_AUTOS = YES_AGGRESSIVE;
				GCC_WARN_UNUSED_FUNCTION = YES;
				GCC_WARN_UNUSED_VARIABLE = YES;
				MARKETING_VERSION = 1.0.0;
				MTL_ENABLE_DEBUG_INFO = NO;
				MTL_FAST_MATH = YES;
				PRODUCT_NAME = "$(TARGET_NAME)";
				SDKROOT = macosx;
				SWIFT_COMPILATION_MODE = wholemodule;
				SWIFT_OPTIMIZATION_LEVEL = "-O";
				SWIFT_VERSION = 5.0;
			};
			name = Release;
		};
/* End XCBuildConfiguration section */

/* Begin XCConfigurationList section */
		006346DEBA492D831555759E /* Build configuration list for PBXNativeTarget "Meeting Reminder" */ = {
			isa = XCConfigurationList;
			buildConfigurations = (
				10CD75485D9805FBF8B544C8 /* Debug */,
				5001E626A23DC848821A676E /* Release */,
			);
			defaultConfigurationIsVisible = 0;
			defaultConfigurationName = Debug;
		};
		5D8FF182CD62CE63EA9B1C4B /* Build configuration list for PBXNativeTarget "Meeting ReminderTests" */ = {
			isa = XCConfigurationList;
			buildConfigurations = (
				91ECF32DDAD4AF6FD237930C /* Debug */,
				65307BD1839ED782C388CB84 /* Release */,
			);
			defaultConfigurationIsVisible = 0;
			defaultConfigurationName = Debug;
		};
		6D7CB00EEF7F0FF5B94D7B05 /* Build configuration list for PBXProject "Meeting Reminder" */ = {
			isa = XCConfigurationList;
			buildConfigurations = (
				90D9D187099FA0A7014B29B6 /* Debug */,
				E159814C789133BE26890034 /* Release */,
			);
			defaultConfigurationIsVisible = 0;
			defaultConfigurationName = Debug;
		};
/* End XCConfigurationList section */
	};
	rootObject = 9877A508AF96BF1EB7B88E2D /* Project object */;
}
